// !$*UTF8*$!
{
	archiveVersion = 1;
	classes = {
	};
	objectVersion = 77;
	objects = {

/* Begin PBXContainerItemProxy section */
		15D6D32E2EDF22D1005D09AA /* PBXContainerItemProxy */ = {
			isa = PBXContainerItemProxy;
			containerPortal = 15D6D3142EDF22CF005D09AA /* Project object */;
			proxyType = 1;
			remoteGlobalIDString = 15D6D31B2EDF22CF005D09AA;
			remoteInfo = "advent-of-code-2025-swift-ui";
		};
		15D6D3382EDF22D1005D09AA /* PBXContainerItemProxy */ = {
			isa = PBXContainerItemProxy;
			containerPortal = 15D6D3142EDF22CF005D09AA /* Project object */;
			proxyType = 1;
			remoteGlobalIDString = 15D6D31B2EDF22CF005D09AA;
			remoteInfo = "advent-of-code-2025-swift-ui";
		};
/* End PBXContainerItemProxy section */

/* Begin PBXFileReference section */
		15D6D31C2EDF22CF005D09AA /* advent-of-code-2025-swift-ui.app */ = {isa = PBXFileReference; explicitFileType = wrapper.application; includeInIndex = 0; path = "advent-of-code-2025-swift-ui.app"; sourceTree = BUILT_PRODUCTS_DIR; };
		15D6D32D2EDF22D1005D09AA /* advent-of-code-2025-swift-uiTests.xctest */ = {isa = PBXFileReference; explicitFileType = wrapper.cfbundle; includeInIndex = 0; path = "advent-of-code-2025-swift-uiTests.xctest"; sourceTree = BUILT_PRODUCTS_DIR; };
		15D6D3372EDF22D1005D09AA /* advent-of-code-2025-swift-uiUITests.xctest */ = {isa = PBXFileReference; explicitFileType = wrapper.cfbundle; includeInIndex = 0; path = "advent-of-code-2025-swift-uiUITests.xctest"; sourceTree = BUILT_PRODUCTS_DIR; };
/* End PBXFileReference section */

/* Begin PBXFileSystemSynchronizedRootGroup section */
		15D6D31E2EDF22CF005D09AA /* advent-of-code-2025-swift-ui */ = {
			isa = PBXFileSystemSynchronizedRootGroup;
			path = "advent-of-code-2025-swift-ui";
			sourceTree = "<group>";
		};
		15D6D3302EDF22D1005D09AA /* advent-of-code-2025-swift-uiTests */ = {
			isa = PBXFileSystemSynchronizedRootGroup;
			path = "advent-of-code-2025-swift-uiTests";
			sourceTree = "<group>";
		};
		15D6D33A2EDF22D1005D09AA /* advent-of-code-2025-swift-uiUITests */ = {
			isa = PBXFileSystemSynchronizedRootGroup;
			path = "advent-of-code-2025-swift-uiUITests";
			sourceTree = "<group>";
		};
/* End PBXFileSystemSynchronizedRootGroup section */

/* Begin PBXFrameworksBuildPhase section */
		15D6D3192EDF22CF005D09AA /* Frameworks */ = {
			isa = PBXFrameworksBuildPhase;
			buildActionMask = 2147483647;
			files = (
			);
			runOnlyForDeploymentPostprocessing = 0;
		};
		15D6D32A2EDF22D1005D09AA /* Frameworks */ = {
			isa = PBXFrameworksBuildPhase;
			buildActionMask = 2147483647;
			files = (
			);
			runOnlyForDeploymentPostprocessing = 0;
		};
		15D6D3342EDF22D1005D09AA /* Frameworks */ = {
			isa = PBXFrameworksBuildPhase;
			buildActionMask = 2147483647;
			files = (
			);
			runOnlyForDeploymentPostprocessing = 0;
		};
/* End PBXFrameworksBuildPhase section */

/* Begin PBXGroup section */
		15D6D3132EDF22CF005D09AA = {
			isa = PBXGroup;
			children = (
				15D6D31E2EDF22CF005D09AA /* advent-of-code-2025-swift-ui */,
				15D6D3302EDF22D1005D09AA /* advent-of-code-2025-swift-uiTests */,
				15D6D33A2EDF22D1005D09AA /* advent-of-code-2025-swift-uiUITests */,
				15D6D31D2EDF22CF005D09AA /* Products */,
			);
			sourceTree = "<group>";
		};
		15D6D31D2EDF22CF005D09AA /* Products */ = {
			isa = PBXGroup;
			children = (
				15D6D31C2EDF22CF005D09AA /* advent-of-code-2025-swift-ui.app */,
				15D6D32D2EDF22D1005D09AA /* advent-of-code-2025-swift-uiTests.xctest */,
				15D6D3372EDF22D1005D09AA /* advent-of-code-2025-swift-uiUITests.xctest */,
			);
			name = Products;
			sourceTree = "<group>";
		};
/* End PBXGroup section */

/* Begin PBXNativeTarget section */
		15D6D31B2EDF22CF005D09AA /* advent-of-code-2025-swift-ui */ = {
			isa = PBXNativeTarget;
			buildConfigurationList = 15D6D3412EDF22D1005D09AA /* Build configuration list for PBXNativeTarget "advent-of-code-2025-swift-ui" */;
			buildPhases = (
				15D6D3182EDF22CF005D09AA /* Sources */,
				15D6D3192EDF22CF005D09AA /* Frameworks */,
				15D6D31A2EDF22CF005D09AA /* Resources */,
			);
			buildRules = (
			);
			dependencies = (
			);
			fileSystemSynchronizedGroups = (
				15D6D31E2EDF22CF005D09AA /* advent-of-code-2025-swift-ui */,
			);
			name = "advent-of-code-2025-swift-ui";
			packageProductDependencies = (
			);
			productName = "advent-of-code-2025-swift-ui";
			productReference = 15D6D31C2EDF22CF005D09AA /* advent-of-code-2025-swift-ui.app */;
			productType = "com.apple.product-type.application";
		};
		15D6D32C2EDF22D1005D09AA /* advent-of-code-2025-swift-uiTests */ = {
			isa = PBXNativeTarget;
			buildConfigurationList = 15D6D3442EDF22D1005D09AA /* Build configuration list for PBXNativeTarget "advent-of-code-2025-swift-uiTests" */;
			buildPhases = (
				15D6D3292EDF22D1005D09AA /* Sources */,
				15D6D32A2EDF22D1005D09AA /* Frameworks */,
				15D6D32B2EDF22D1005D09AA /* Resources */,
			);
			buildRules = (
			);
			dependencies = (
				15D6D32F2EDF22D1005D09AA /* PBXTargetDependency */,
			);
			fileSystemSynchronizedGroups = (
				15D6D3302EDF22D1005D09AA /* advent-of-code-2025-swift-uiTests */,
			);
			name = "advent-of-code-2025-swift-uiTests";
			packageProductDependencies = (
			);
			productName = "advent-of-code-2025-swift-uiTests";
			productReference = 15D6D32D2EDF22D1005D09AA /* advent-of-code-2025-swift-uiTests.xctest */;
			productType = "com.apple.product-type.bundle.unit-test";
		};
		15D6D3362EDF22D1005D09AA /* advent-of-code-2025-swift-uiUITests */ = {
			isa = PBXNativeTarget;
			buildConfigurationList = 15D6D3472EDF22D1005D09AA /* Build configuration list for PBXNativeTarget "advent-of-code-2025-swift-uiUITests" */;
			buildPhases = (
				15D6D3332EDF22D1005D09AA /* Sources */,
				15D6D3342EDF22D1005D09AA /* Frameworks */,
				15D6D3352EDF22D1005D09AA /* Resources */,
			);
			buildRules = (
			);
			dependencies = (
				15D6D3392EDF22D1005D09AA /* PBXTargetDependency */,
			);
			fileSystemSynchronizedGroups = (
				15D6D33A2EDF22D1005D09AA /* advent-of-code-2025-swift-uiUITests */,
			);
			name = "advent-of-code-2025-swift-uiUITests";
			packageProductDependencies = (
			);
			productName = "advent-of-code-2025-swift-uiUITests";
			productReference = 15D6D3372EDF22D1005D09AA /* advent-of-code-2025-swift-uiUITests.xctest */;
			productType = "com.apple.product-type.bundle.ui-testing";
		};
/* End PBXNativeTarget section */

/* Begin PBXProject section */
		15D6D3142EDF22CF005D09AA /* Project object */ = {
			isa = PBXProject;
			attributes = {
				BuildIndependentTargetsInParallel = 1;
				LastSwiftUpdateCheck = 1620;
				LastUpgradeCheck = 1620;
				TargetAttributes = {
					15D6D31B2EDF22CF005D09AA = {
						CreatedOnToolsVersion = 16.2;
					};
					15D6D32C2EDF22D1005D09AA = {
						CreatedOnToolsVersion = 16.2;
						TestTargetID = 15D6D31B2EDF22CF005D09AA;
					};
					15D6D3362EDF22D1005D09AA = {
						CreatedOnToolsVersion = 16.2;
						TestTargetID = 15D6D31B2EDF22CF005D09AA;
					};
				};
			};
			buildConfigurationList = 15D6D3172EDF22CF005D09AA /* Build configuration list for PBXProject "advent-of-code-2025-swift-ui" */;
			developmentRegion = en;
			hasScannedForEncodings = 0;
			knownRegions = (
				en,
				Base,
			);
			mainGroup = 15D6D3132EDF22CF005D09AA;
			minimizedProjectReferenceProxies = 1;
			preferredProjectObjectVersion = 77;
			productRefGroup = 15D6D31D2EDF22CF005D09AA /* Products */;
			projectDirPath = "";
			projectRoot = "";
			targets = (
				15D6D31B2EDF22CF005D09AA /* advent-of-code-2025-swift-ui */,
				15D6D32C2EDF22D1005D09AA /* advent-of-code-2025-swift-uiTests */,
				15D6D3362EDF22D1005D09AA /* advent-of-code-2025-swift-uiUITests */,
			);
		};
/* End PBXProject section */

/* Begin PBXResourcesBuildPhase section */
		15D6D31A2EDF22CF005D09AA /* Resources */ = {
			isa = PBXResourcesBuildPhase;
			buildActionMask = 2147483647;
			files = (
			);
			runOnlyForDeploymentPostprocessing = 0;
		};
		15D6D32B2EDF22D1005D09AA /* Resources */ = {
			isa = PBXResourcesBuildPhase;
			buildActionMask = 2147483647;
			files = (
			);
			runOnlyForDeploymentPostprocessing = 0;
		};
		15D6D3352EDF22D1005D09AA /* Resources */ = {
			isa = PBXResourcesBuildPhase;
			buildActionMask = 2147483647;
			files = (
			);
			runOnlyForDeploymentPostprocessing = 0;
		};
/* End PBXResourcesBuildPhase section */

/* Begin PBXSourcesBuildPhase section */
		15D6D3182EDF22CF005D09AA /* Sources */ = {
			isa = PBXSourcesBuildPhase;
			buildActionMask = 2147483647;
			files = (
			);
			runOnlyForDeploymentPostprocessing = 0;
		};
		15D6D3292EDF22D1005D09AA /* Sources */ = {
			isa = PBXSourcesBuildPhase;
			buildActionMask = 2147483647;
			files = (
			);
			runOnlyForDeploymentPostprocessing = 0;
		};
		15D6D3332EDF22D1005D09AA /* Sources */ = {
			isa = PBXSourcesBuildPhase;
			buildActionMask = 2147483647;
			files = (
			);
			runOnlyForDeploymentPostprocessing = 0;
		};
/* End PBXSourcesBuildPhase section */

/* Begin PBXTargetDependency section */
		15D6D32F2EDF22D1005D09AA /* PBXTargetDependency */ = {
			isa = PBXTargetDependency;
			target = 15D6D31B2EDF22CF005D09AA /* advent-of-code-2025-swift-ui */;
			targetProxy = 15D6D32E2EDF22D1005D09AA /* PBXContainerItemProxy */;
		};
		15D6D3392EDF22D1005D09AA /* PBXTargetDependency */ = {
			isa = PBXTargetDependency;
			target = 15D6D31B2EDF22CF005D09AA /* advent-of-code-2025-swift-ui */;
			targetProxy = 15D6D3382EDF22D1005D09AA /* PBXContainerItemProxy */;
		};
/* End PBXTargetDependency section */

/* Begin XCBuildConfiguration section */
		15D6D33F2EDF22D1005D09AA /* Debug */ = {
			isa = XCBuildConfiguration;
			buildSettings = {
				ALWAYS_SEARCH_USER_PATHS = NO;
				ASSETCATALOG_COMPILER_GENERATE_SWIFT_ASSET_SYMBOL_EXTENSIONS = YES;
				CLANG_ANALYZER_NONNULL = YES;
				CLANG_ANALYZER_NUMBER_OBJECT_CONVERSION = YES_AGGRESSIVE;
				CLANG_CXX_LANGUAGE_STANDARD = "gnu++20";
				CLANG_ENABLE_MODULES = YES;
				CLANG_ENABLE_OBJC_ARC = YES;
				CLANG_ENABLE_OBJC_WEAK = YES;
				CLANG_WARN_BLOCK_CAPTURE_AUTORELEASING = YES;
				CLANG_WARN_BOOL_CONVERSION = YES;
				CLANG_WARN_COMMA = YES;
				CLANG_WARN_CONSTANT_CONVERSION = YES;
				CLANG_WARN_DEPRECATED_OBJC_IMPLEMENTATIONS = YES;
				CLANG_WARN_DIRECT_OBJC_ISA_USAGE = YES_ERROR;
				CLANG_WARN_DOCUMENTATION_COMMENTS = YES;
				CLANG_WARN_EMPTY_BODY = YES;
				CLANG_WARN_ENUM_CONVERSION = YES;
				CLANG_WARN_INFINITE_RECURSION = YES;
				CLANG_WARN_INT_CONVERSION = YES;
				CLANG_WARN_NON_LITERAL_NULL_CONVERSION = YES;
				CLANG_WARN_OBJC_IMPLICIT_RETAIN_SELF = YES;
				CLANG_WARN_OBJC_LITERAL_CONVERSION = YES;
				CLANG_WARN_OBJC_ROOT_CLASS = YES_ERROR;
				CLANG_WARN_QUOTED_INCLUDE_IN_FRAMEWORK_HEADER = YES;
				CLANG_WARN_RANGE_LOOP_ANALYSIS = YES;
				CLANG_WARN_STRICT_PROTOTYPES = YES;
				CLANG_WARN_SUSPICIOUS_MOVE = YES;
				CLANG_WARN_UNGUARDED_AVAILABILITY = YES_AGGRESSIVE;
				CLANG_WARN_UNREACHABLE_CODE = YES;
				CLANG_WARN__DUPLICATE_METHOD_MATCH = YES;
				COPY_PHASE_STRIP = NO;
				DEBUG_INFORMATION_FORMAT = dwarf;
				ENABLE_STRICT_OBJC_MSGSEND = YES;
				ENABLE_TESTABILITY = YES;
				ENABLE_USER_SCRIPT_SANDBOXING = YES;
				GCC_C_LANGUAGE_STANDARD = gnu17;
				GCC_DYNAMIC_NO_PIC = NO;
				GCC_NO_COMMON_BLOCKS = YES;
				GCC_OPTIMIZATION_LEVEL = 0;
				GCC_PREPROCESSOR_DEFINITIONS = (
					"DEBUG=1",
					"$(inherited)",
				);
				GCC_WARN_64_TO_32_BIT_CONVERSION = YES;
				GCC_WARN_ABOUT_RETURN_TYPE = YES_ERROR;
				GCC_WARN_UNDECLARED_SELECTOR = YES;
				GCC_WARN_UNINITIALIZED_AUTOS = YES_AGGRESSIVE;
				GCC_WARN_UNUSED_FUNCTION = YES;
				GCC_WARN_UNUSED_VARIABLE = YES;
				LOCALIZATION_PREFERS_STRING_CATALOGS = YES;
				MACOSX_DEPLOYMENT_TARGET = 15.2;
				MTL_ENABLE_DEBUG_INFO = INCLUDE_SOURCE;
				MTL_FAST_MATH = YES;
				ONLY_ACTIVE_ARCH = YES;
				SDKROOT = macosx;
				SWIFT_ACTIVE_COMPILATION_CONDITIONS = "DEBUG $(inherited)";
				SWIFT_OPTIMIZATION_LEVEL = "-Onone";
			};
			name = Debug;
		};
		15D6D3402EDF22D1005D09AA /* Release */ = {
			isa = XCBuildConfiguration;
			buildSettings = {
				ALWAYS_SEARCH_USER_PATHS = NO;
				ASSETCATALOG_COMPILER_GENERATE_SWIFT_ASSET_SYMBOL_EXTENSIONS = YES;
				CLANG_ANALYZER_NONNULL = YES;
				CLANG_ANALYZER_NUMBER_OBJECT_CONVERSION = YES_AGGRESSIVE;
				CLANG_CXX_LANGUAGE_STANDARD = "gnu++20";
				CLANG_ENABLE_MODULES = YES;
				CLANG_ENABLE_OBJC_ARC = YES;
				CLANG_ENABLE_OBJC_WEAK = YES;
				CLANG_WARN_BLOCK_CAPTURE_AUTORELEASING = YES;
				CLANG_WARN_BOOL_CONVERSION = YES;
				CLANG_WARN_COMMA = YES;
				CLANG_WARN_CONSTANT_CONVERSION = YES;
				CLANG_WARN_DEPRECATED_OBJC_IMPLEMENTATIONS = YES;
				CLANG_WARN_DIRECT_OBJC_ISA_USAGE = YES_ERROR;
				CLANG_WARN_DOCUMENTATION_COMMENTS = YES;
				CLANG_WARN_EMPTY_BODY = YES;
				CLANG_WARN_ENUM_CONVERSION = YES;
				CLANG_WARN_INFINITE_RECURSION = YES;
				CLANG_WARN_INT_CONVERSION = YES;
				CLANG_WARN_NON_LITERAL_NULL_CONVERSION = YES;
				CLANG_WARN_OBJC_IMPLICIT_RETAIN_SELF = YES;
				CLANG_WARN_OBJC_LITERAL_CONVERSION = YES;
				CLANG_WARN_OBJC_ROOT_CLASS = YES_ERROR;
				CLANG_WARN_QUOTED_INCLUDE_IN_FRAMEWORK_HEADER = YES;
				CLANG_WARN_RANGE_LOOP_ANALYSIS = YES;
				CLANG_WARN_STRICT_PROTOTYPES = YES;
				CLANG_WARN_SUSPICIOUS_MOVE = YES;
				CLANG_WARN_UNGUARDED_AVAILABILITY = YES_AGGRESSIVE;
				CLANG_WARN_UNREACHABLE_CODE = YES;
				CLANG_WARN__DUPLICATE_METHOD_MATCH = YES;
				COPY_PHASE_STRIP = NO;
				DEBUG_INFORMATION_FORMAT = "dwarf-with-dsym";
				ENABLE_NS_ASSERTIONS = NO;
				ENABLE_STRICT_OBJC_MSGSEND = YES;
				ENABLE_USER_SCRIPT_SANDBOXING = YES;
				GCC_C_LANGUAGE_STANDARD = gnu17;
				GCC_NO_COMMON_BLOCKS = YES;
				GCC_WARN_64_TO_32_BIT_CONVERSION = YES;
				GCC_WARN_ABOUT_RETURN_TYPE = YES_ERROR;
				GCC_WARN_UNDECLARED_SELECTOR = YES;
				GCC_WARN_UNINITIALIZED_AUTOS = YES_AGGRESSIVE;
				GCC_WARN_UNUSED_FUNCTION = YES;
				GCC_WARN_UNUSED_VARIABLE = YES;
				LOCALIZATION_PREFERS_STRING_CATALOGS = YES;
				MACOSX_DEPLOYMENT_TARGET = 15.2;
				MTL_ENABLE_DEBUG_INFO = NO;
				MTL_FAST_MATH = YES;
				SDKROOT = macosx;
				SWIFT_COMPILATION_MODE = wholemodule;
			};
			name = Release;
		};
		15D6D3422EDF22D1005D09AA /* Debug */ = {
			isa = XCBuildConfiguration;
			buildSettings = {
				ASSETCATALOG_COMPILER_APPICON_NAME = AppIcon;
				ASSETCATALOG_COMPILER_GLOBAL_ACCENT_COLOR_NAME = AccentColor;
				CODE_SIGN_ENTITLEMENTS = "advent-of-code-2025-swift-ui/advent_of_code_2025_swift_ui.entitlements";
				CODE_SIGN_STYLE = Automatic;
				COMBINE_HIDPI_IMAGES = YES;
				CURRENT_PROJECT_VERSION = 1;
				DEVELOPMENT_ASSET_PATHS = "\"advent-of-code-2025-swift-ui/Preview Content\"";
				DEVELOPMENT_TEAM = W3949H673U;
				ENABLE_HARDENED_RUNTIME = YES;
				ENABLE_PREVIEWS = YES;
				GENERATE_INFOPLIST_FILE = YES;
				INFOPLIST_KEY_NSHumanReadableCopyright = "";
				LD_RUNPATH_SEARCH_PATHS = (
					"$(inherited)",
					"@executable_path/../Frameworks",
				);
				MARKETING_VERSION = 1.0;
				PRODUCT_BUNDLE_IDENTIFIER = "ch.hacknus.advent-of-code-2025-swift-ui";
				PRODUCT_NAME = "$(TARGET_NAME)";
				SWIFT_EMIT_LOC_STRINGS = YES;
				SWIFT_VERSION = 5.0;
			};
			name = Debug;
		};
		15D6D3432EDF22D1005D09AA /* Release */ = {
			isa = XCBuildConfiguration;
			buildSettings = {
				ASSETCATALOG_COMPILER_APPICON_NAME = AppIcon;
				ASSETCATALOG_COMPILER_GLOBAL_ACCENT_COLOR_NAME = AccentColor;
				CODE_SIGN_ENTITLEMENTS = "advent-of-code-2025-swift-ui/advent_of_code_2025_swift_ui.entitlements";
				CODE_SIGN_STYLE = Automatic;
				COMBINE_HIDPI_IMAGES = YES;
				CURRENT_PROJECT_VERSION = 1;
				DEVELOPMENT_ASSET_PATHS = "\"advent-of-code-2025-swift-ui/Preview Content\"";
				DEVELOPMENT_TEAM = W3949H673U;
				ENABLE_HARDENED_RUNTIME = YES;
				ENABLE_PREVIEWS = YES;
				GENERATE_INFOPLIST_FILE = YES;
				INFOPLIST_KEY_NSHumanReadableCopyright = "";
				LD_RUNPATH_SEARCH_PATHS = (
					"$(inherited)",
					"@executable_path/../Frameworks",
				);
				MARKETING_VERSION = 1.0;
				PRODUCT_BUNDLE_IDENTIFIER = "ch.hacknus.advent-of-code-2025-swift-ui";
				PRODUCT_NAME = "$(TARGET_NAME)";
				SWIFT_EMIT_LOC_STRINGS = YES;
				SWIFT_VERSION = 5.0;
			};
			name = Release;
		};
		15D6D3452EDF22D1005D09AA /* Debug */ = {
			isa = XCBuildConfiguration;
			buildSettings = {
				BUNDLE_LOADER = "$(TEST_HOST)";
				CODE_SIGN_STYLE = Automatic;
				CURRENT_PROJECT_VERSION = 1;
				DEVELOPMENT_TEAM = W3949H673U;
				GENERATE_INFOPLIST_FILE = YES;
				MACOSX_DEPLOYMENT_TARGET = 15.2;
				MARKETING_VERSION = 1.0;
				PRODUCT_BUNDLE_IDENTIFIER = "ch.hacknus.advent-of-code-2025-swift-uiTests";
				PRODUCT_NAME = "$(TARGET_NAME)";
				SWIFT_EMIT_LOC_STRINGS = NO;
				SWIFT_VERSION = 5.0;
				TEST_HOST = "$(BUILT_PRODUCTS_DIR)/advent-of-code-2025-swift-ui.app/$(BUNDLE_EXECUTABLE_FOLDER_PATH)/advent-of-code-2025-swift-ui";
			};
			name = Debug;
		};
		15D6D3462EDF22D1005D09AA /* Release */ = {
			isa = XCBuildConfiguration;
			buildSettings = {
				BUNDLE_LOADER = "$(TEST_HOST)";
				CODE_SIGN_STYLE = Automatic;
				CURRENT_PROJECT_VERSION = 1;
				DEVELOPMENT_TEAM = W3949H673U;
				GENERATE_INFOPLIST_FILE = YES;
				MACOSX_DEPLOYMENT_TARGET = 15.2;
				MARKETING_VERSION = 1.0;
				PRODUCT_BUNDLE_IDENTIFIER = "ch.hacknus.advent-of-code-2025-swift-uiTests";
				PRODUCT_NAME = "$(TARGET_NAME)";
				SWIFT_EMIT_LOC_STRINGS = NO;
				SWIFT_VERSION = 5.0;
				TEST_HOST = "$(BUILT_PRODUCTS_DIR)/advent-of-code-2025-swift-ui.app/$(BUNDLE_EXECUTABLE_FOLDER_PATH)/advent-of-code-2025-swift-ui";
			};
			name = Release;
		};
		15D6D3482EDF22D1005D09AA /* Debug */ = {
			isa = XCBuildConfiguration;
			buildSettings = {
				CODE_SIGN_STYLE = Automatic;
				CURRENT_PROJECT_VERSION = 1;
				DEVELOPMENT_TEAM = W3949H673U;
				GENERATE_INFOPLIST_FILE = YES;
				MARKETING_VERSION = 1.0;
				PRODUCT_BUNDLE_IDENTIFIER = "ch.hacknus.advent-of-code-2025-swift-uiUITests";
				PRODUCT_NAME = "$(TARGET_NAME)";
				SWIFT_EMIT_LOC_STRINGS = NO;
				SWIFT_VERSION = 5.0;
				TEST_TARGET_NAME = "advent-of-code-2025-swift-ui";
			};
			name = Debug;
		};
		15D6D3492EDF22D1005D09AA /* Release */ = {
			isa = XCBuildConfiguration;
			buildSettings = {
				CODE_SIGN_STYLE = Automatic;
				CURRENT_PROJECT_VERSION = 1;
				DEVELOPMENT_TEAM = W3949H673U;
				GENERATE_INFOPLIST_FILE = YES;
				MARKETING_VERSION = 1.0;
				PRODUCT_BUNDLE_IDENTIFIER = "ch.hacknus.advent-of-code-2025-swift-uiUITests";
				PRODUCT_NAME = "$(TARGET_NAME)";
				SWIFT_EMIT_LOC_STRINGS = NO;
				SWIFT_VERSION = 5.0;
				TEST_TARGET_NAME = "advent-of-code-2025-swift-ui";
			};
			name = Release;
		};
/* End XCBuildConfiguration section */

/* Begin XCConfigurationList section */
		15D6D3172EDF22CF005D09AA /* Build configuration list for PBXProject "advent-of-code-2025-swift-ui" */ = {
			isa = XCConfigurationList;
			buildConfigurations = (
				15D6D33F2EDF22D1005D09AA /* Debug */,
				15D6D3402EDF22D1005D09AA /* Release */,
			);
			defaultConfigurationIsVisible = 0;
			defaultConfigurationName = Release;
		};
		15D6D3412EDF22D1005D09AA /* Build configuration list for PBXNativeTarget "advent-of-code-2025-swift-ui" */ = {
			isa = XCConfigurationList;
			buildConfigurations = (
				15D6D3422EDF22D1005D09AA /* Debug */,
				15D6D3432EDF22D1005D09AA /* Release */,
			);
			defaultConfigurationIsVisible = 0;
			defaultConfigurationName = Release;
		};
		15D6D3442EDF22D1005D09AA /* Build configuration list for PBXNativeTarget "advent-of-code-2025-swift-uiTests" */ = {
			isa = XCConfigurationList;
			buildConfigurations = (
				15D6D3452EDF22D1005D09AA /* Debug */,
				15D6D3462EDF22D1005D09AA /* Release */,
			);
			defaultConfigurationIsVisible = 0;
			defaultConfigurationName = Release;
		};
		15D6D3472EDF22D1005D09AA /* Build configuration list for PBXNativeTarget "advent-of-code-2025-swift-uiUITests" */ = {
			isa = XCConfigurationList;
			buildConfigurations = (
				15D6D3482EDF22D1005D09AA /* Debug */,
				15D6D3492EDF22D1005D09AA /* Release */,
			);
			defaultConfigurationIsVisible = 0;
			defaultConfigurationName = Release;
		};
/* End XCConfigurationList section */
	};
	rootObject = 15D6D3142EDF22CF005D09AA /* Project object */;
}
